{
  "name": "rockeven199.github.io",
  "lockfileVersion": 2,
  "requires": true,
  "packages": {
    "": {
      "dependencies": {
        "htt": "^0.0.1",
        "http": "^0.0.1-security"
      }
    },
    "node_modules/htt": {
      "version": "0.0.1",
      "resolved": "https://mirrors.huaweicloud.com/repository/npm/htt/-/htt-0.0.1.tgz",
      "integrity": "sha512-KxbcJGOQ0tz0ibJANX0UHkYScoiMQ57vvjY8XxGuNWGnGhKFW+DU2W0s+ODD3p8Jr3ubwaR8PWO7Qa1VtBu4VQ==",
      "license": "ISC"
    },
    "node_modules/http": {
      "version": "0.0.1-security",
      "resolved": "https://mirrors.huaweicloud.com/repository/npm/http/-/http-0.0.1-security.tgz",
      "integrity": "sha512-RnDvP10Ty9FxqOtPZuxtebw1j4L/WiqNMDtuc1YMH1XQm5TgDRaR1G9u8upL6KD1bXHSp9eSXo/ED+8Q7FAr+g=="
    }
  },
  "dependencies": {
    "htt": {
      "version": "0.0.1",
      "resolved": "https://mirrors.huaweicloud.com/repository/npm/htt/-/htt-0.0.1.tgz",
      "integrity": "sha512-KxbcJGOQ0tz0ibJANX0UHkYScoiMQ57vvjY8XxGuNWGnGhKFW+DU2W0s+ODD3p8Jr3ubwaR8PWO7Qa1VtBu4VQ=="
    },
    "http": {
      "version": "0.0.1-security",
      "resolved": "https://mirrors.huaweicloud.com/repository/npm/http/-/http-0.0.1-security.tgz",
      "integrity": "sha512-RnDvP10Ty9FxqOtPZuxtebw1j4L/WiqNMDtuc1YMH1XQm5TgDRaR1G9u8upL6KD1bXHSp9eSXo/ED+8Q7FAr+g=="
    }
  }
}
